// !$*UTF8*$!
{
	archiveVersion = 1;
	classes = {
	};
	objectVersion = 56;
	objects = {

/* Begin PBXBuildFile section */
		63145581291C6F55001EB366 /* PersonModel.swift in Sources */ = {isa = PBXBuildFile; fileRef = 63145580291C6F55001EB366 /* PersonModel.swift */; };
		63145583291C7CE7001EB366 /* testView.swift in Sources */ = {isa = PBXBuildFile; fileRef = 63145582291C7CE7001EB366 /* testView.swift */; };
		63825B56292284F800C375A3 /* SwitcherTabView.swift in Sources */ = {isa = PBXBuildFile; fileRef = 63825B55292284F800C375A3 /* SwitcherTabView.swift */; };
		63825B5829228D7900C375A3 /* SettingsToggleView.swift in Sources */ = {isa = PBXBuildFile; fileRef = 63825B5729228D7900C375A3 /* SettingsToggleView.swift */; };
		639F0B5E2909B9AC006F8D53 /* M4L6App.swift in Sources */ = {isa = PBXBuildFile; fileRef = 639F0B5D2909B9AC006F8D53 /* M4L6App.swift */; };
		639F0B602909B9AC006F8D53 /* ContentView.swift in Sources */ = {isa = PBXBuildFile; fileRef = 639F0B5F2909B9AC006F8D53 /* ContentView.swift */; };
		639F0B622909B9B7006F8D53 /* Assets.xcassets in Resources */ = {isa = PBXBuildFile; fileRef = 639F0B612909B9B7006F8D53 /* Assets.xcassets */; };
		639F0B652909B9B7006F8D53 /* Preview Assets.xcassets in Resources */ = {isa = PBXBuildFile; fileRef = 639F0B642909B9B7006F8D53 /* Preview Assets.xcassets */; };
		639F0B712910BAB0006F8D53 /* Person.swift in Sources */ = {isa = PBXBuildFile; fileRef = 639F0B702910BAB0006F8D53 /* Person.swift */; };
		639F0B732910C49F006F8D53 /* People.json in Resources */ = {isa = PBXBuildFile; fileRef = 639F0B722910C49F006F8D53 /* People.json */; };
		639F0B7529141FB5006F8D53 /* DataService.swift in Sources */ = {isa = PBXBuildFile; fileRef = 639F0B7429141FB5006F8D53 /* DataService.swift */; };
/* End PBXBuildFile section */

/* Begin PBXFileReference section */
		63145580291C6F55001EB366 /* PersonModel.swift */ = {isa = PBXFileReference; lastKnownFileType = sourcecode.swift; path = PersonModel.swift; sourceTree = "<group>"; };
		63145582291C7CE7001EB366 /* testView.swift */ = {isa = PBXFileReference; lastKnownFileType = sourcecode.swift; path = testView.swift; sourceTree = "<group>"; };
		63825B55292284F800C375A3 /* SwitcherTabView.swift */ = {isa = PBXFileReference; lastKnownFileType = sourcecode.swift; path = SwitcherTabView.swift; sourceTree = "<group>"; };
		63825B5729228D7900C375A3 /* SettingsToggleView.swift */ = {isa = PBXFileReference; lastKnownFileType = sourcecode.swift; path = SettingsToggleView.swift; sourceTree = "<group>"; };
		639F0B5A2909B9AC006F8D53 /* M4L6.app */ = {isa = PBXFileReference; explicitFileType = wrapper.application; includeInIndex = 0; path = M4L6.app; sourceTree = BUILT_PRODUCTS_DIR; };
		639F0B5D2909B9AC006F8D53 /* M4L6App.swift */ = {isa = PBXFileReference; lastKnownFileType = sourcecode.swift; path = M4L6App.swift; sourceTree = "<group>"; };
		639F0B5F2909B9AC006F8D53 /* ContentView.swift */ = {isa = PBXFileReference; lastKnownFileType = sourcecode.swift; path = ContentView.swift; sourceTree = "<group>"; };
		639F0B612909B9B7006F8D53 /* Assets.xcassets */ = {isa = PBXFileReference; lastKnownFileType = folder.assetcatalog; path = Assets.xcassets; sourceTree = "<group>"; };
		639F0B642909B9B7006F8D53 /* Preview Assets.xcassets */ = {isa = PBXFileReference; lastKnownFileType = folder.assetcatalog; path = "Preview Assets.xcassets"; sourceTree = "<group>"; };
		639F0B702910BAB0006F8D53 /* Person.swift */ = {isa = PBXFileReference; lastKnownFileType = sourcecode.swift; path = Person.swift; sourceTree = "<group>"; };
		639F0B722910C49F006F8D53 /* People.json */ = {isa = PBXFileReference; lastKnownFileType = text.json; path = People.json; sourceTree = "<group>"; };
		639F0B7429141FB5006F8D53 /* DataService.swift */ = {isa = PBXFileReference; lastKnownFileType = sourcecode.swift; path = DataService.swift; sourceTree = "<group>"; };
/* End PBXFileReference section */

/* Begin PBXFrameworksBuildPhase section */
		639F0B572909B9AC006F8D53 /* Frameworks */ = {
			isa = PBXFrameworksBuildPhase;
			buildActionMask = 2147483647;
			files = (
			);
			runOnlyForDeploymentPostprocessing = 0;
		};
/* End PBXFrameworksBuildPhase section */

/* Begin PBXGroup section */
		639F0B512909B9AC006F8D53 = {
			isa = PBXGroup;
			children = (
				639F0B5C2909B9AC006F8D53 /* M4L6 */,
				639F0B5B2909B9AC006F8D53 /* Products */,
			);
			sourceTree = "<group>";
		};
		639F0B5B2909B9AC006F8D53 /* Products */ = {
			isa = PBXGroup;
			children = (
				639F0B5A2909B9AC006F8D53 /* M4L6.app */,
			);
			name = Products;
			sourceTree = "<group>";
		};
		639F0B5C2909B9AC006F8D53 /* M4L6 */ = {
			isa = PBXGroup;
			children = (
				639F0B5D2909B9AC006F8D53 /* M4L6App.swift */,
				639F0B6B290EBACA006F8D53 /* Views */,
				639F0B6C290EBB11006F8D53 /* ViewModel */,
				639F0B6D290EBB2A006F8D53 /* Model */,
				639F0B6F290EBB40006F8D53 /* DataService */,
				639F0B6E290EBB34006F8D53 /* Data */,
				639F0B632909B9B7006F8D53 /* Preview Content */,
				639F0B612909B9B7006F8D53 /* Assets.xcassets */,
			);
			path = M4L6;
			sourceTree = "<group>";
		};
		639F0B632909B9B7006F8D53 /* Preview Content */ = {
			isa = PBXGroup;
			children = (
				639F0B642909B9B7006F8D53 /* Preview Assets.xcassets */,
			);
			path = "Preview Content";
			sourceTree = "<group>";
		};
		639F0B6B290EBACA006F8D53 /* Views */ = {
			isa = PBXGroup;
			children = (
				639F0B5F2909B9AC006F8D53 /* ContentView.swift */,
				63145582291C7CE7001EB366 /* testView.swift */,
				63825B55292284F800C375A3 /* SwitcherTabView.swift */,
				63825B5729228D7900C375A3 /* SettingsToggleView.swift */,
			);
			path = Views;
			sourceTree = "<group>";
		};
		639F0B6C290EBB11006F8D53 /* ViewModel */ = {
			isa = PBXGroup;
			children = (
				63145580291C6F55001EB366 /* PersonModel.swift */,
			);
			path = ViewModel;
			sourceTree = "<group>";
		};
		639F0B6D290EBB2A006F8D53 /* Model */ = {
			isa = PBXGroup;
			children = (
				639F0B702910BAB0006F8D53 /* Person.swift */,
			);
			path = Model;
			sourceTree = "<group>";
		};
		639F0B6E290EBB34006F8D53 /* Data */ = {
			isa = PBXGroup;
			children = (
				639F0B722910C49F006F8D53 /* People.json */,
			);
			path = Data;
			sourceTree = "<group>";
		};
		639F0B6F290EBB40006F8D53 /* DataService */ = {
			isa = PBXGroup;
			children = (
				639F0B7429141FB5006F8D53 /* DataService.swift */,
			);
			path = DataService;
			sourceTree = "<group>";
		};
/* End PBXGroup section */

/* Begin PBXNativeTarget section */
		639F0B592909B9AC006F8D53 /* M4L6 */ = {
			isa = PBXNativeTarget;
			buildConfigurationList = 639F0B682909B9B7006F8D53 /* Build configuration list for PBXNativeTarget "M4L6" */;
			buildPhases = (
				639F0B562909B9AC006F8D53 /* Sources */,
				639F0B572909B9AC006F8D53 /* Frameworks */,
				639F0B582909B9AC006F8D53 /* Resources */,
			);
			buildRules = (
			);
			dependencies = (
			);
			name = M4L6;
			productName = M4L6;
			productReference = 639F0B5A2909B9AC006F8D53 /* M4L6.app */;
			productType = "com.apple.product-type.application";
		};
/* End PBXNativeTarget section */

/* Begin PBXProject section */
		639F0B522909B9AC006F8D53 /* Project object */ = {
			isa = PBXProject;
			attributes = {
				BuildIndependentTargetsInParallel = 1;
				LastSwiftUpdateCheck = 1400;
				LastUpgradeCheck = 1400;
				TargetAttributes = {
					639F0B592909B9AC006F8D53 = {
						CreatedOnToolsVersion = 14.0.1;
					};
				};
			};
			buildConfigurationList = 639F0B552909B9AC006F8D53 /* Build configuration list for PBXProject "M4L6" */;
			compatibilityVersion = "Xcode 14.0";
			developmentRegion = en;
			hasScannedForEncodings = 0;
			knownRegions = (
				en,
				Base,
			);
			mainGroup = 639F0B512909B9AC006F8D53;
			productRefGroup = 639F0B5B2909B9AC006F8D53 /* Products */;
			projectDirPath = "";
			projectRoot = "";
			targets = (
				639F0B592909B9AC006F8D53 /* M4L6 */,
			);
		};
/* End PBXProject section */

/* Begin PBXResourcesBuildPhase section */
		639F0B582909B9AC006F8D53 /* Resources */ = {
			isa = PBXResourcesBuildPhase;
			buildActionMask = 2147483647;
			files = (
				639F0B652909B9B7006F8D53 /* Preview Assets.xcassets in Resources */,
				639F0B622909B9B7006F8D53 /* Assets.xcassets in Resources */,
				639F0B732910C49F006F8D53 /* People.json in Resources */,
			);
			runOnlyForDeploymentPostprocessing = 0;
		};
/* End PBXResourcesBuildPhase section */

/* Begin PBXSourcesBuildPhase section */
		639F0B562909B9AC006F8D53 /* Sources */ = {
			isa = PBXSourcesBuildPhase;
			buildActionMask = 2147483647;
			files = (
				639F0B602909B9AC006F8D53 /* ContentView.swift in Sources */,
				63825B5829228D7900C375A3 /* SettingsToggleView.swift in Sources */,
				639F0B712910BAB0006F8D53 /* Person.swift in Sources */,
				63825B56292284F800C375A3 /* SwitcherTabView.swift in Sources */,
				63145583291C7CE7001EB366 /* testView.swift in Sources */,
				63145581291C6F55001EB366 /* PersonModel.swift in Sources */,
				639F0B5E2909B9AC006F8D53 /* M4L6App.swift in Sources */,
				639F0B7529141FB5006F8D53 /* DataService.swift in Sources */,
			);
			runOnlyForDeploymentPostprocessing = 0;
		};
/* End PBXSourcesBuildPhase section */

/* Begin XCBuildConfiguration section */
		639F0B662909B9B7006F8D53 /* Debug */ = {
			isa = XCBuildConfiguration;
			buildSettings = {
				ALWAYS_SEARCH_USER_PATHS = NO;
				CLANG_ANALYZER_NONNULL = YES;
				CLANG_ANALYZER_NUMBER_OBJECT_CONVERSION = YES_AGGRESSIVE;
				CLANG_CXX_LANGUAGE_STANDARD = "gnu++20";
				CLANG_ENABLE_MODULES = YES;
				CLANG_ENABLE_OBJC_ARC = YES;
				CLANG_ENABLE_OBJC_WEAK = YES;
				CLANG_WARN_BLOCK_CAPTURE_AUTORELEASING = YES;
				CLANG_WARN_BOOL_CONVERSION = YES;
				CLANG_WARN_COMMA = YES;
				CLANG_WARN_CONSTANT_CONVERSION = YES;
				CLANG_WARN_DEPRECATED_OBJC_IMPLEMENTATIONS = YES;
				CLANG_WARN_DIRECT_OBJC_ISA_USAGE = YES_ERROR;
				CLANG_WARN_DOCUMENTATION_COMMENTS = YES;
				CLANG_WARN_EMPTY_BODY = YES;
				CLANG_WARN_ENUM_CONVERSION = YES;
				CLANG_WARN_INFINITE_RECURSION = YES;
				CLANG_WARN_INT_CONVERSION = YES;
				CLANG_WARN_NON_LITERAL_NULL_CONVERSION = YES;
				CLANG_WARN_OBJC_IMPLICIT_RETAIN_SELF = YES;
				CLANG_WARN_OBJC_LITERAL_CONVERSION = YES;
				CLANG_WARN_OBJC_ROOT_CLASS = YES_ERROR;
				CLANG_WARN_QUOTED_INCLUDE_IN_FRAMEWORK_HEADER = YES;
				CLANG_WARN_RANGE_LOOP_ANALYSIS = YES;
				CLANG_WARN_STRICT_PROTOTYPES = YES;
				CLANG_WARN_SUSPICIOUS_MOVE = YES;
				CLANG_WARN_UNGUARDED_AVAILABILITY = YES_AGGRESSIVE;
				CLANG_WARN_UNREACHABLE_CODE = YES;
				CLANG_WARN__DUPLICATE_METHOD_MATCH = YES;
				COPY_PHASE_STRIP = NO;
				DEBUG_INFORMATION_FORMAT = dwarf;
				ENABLE_STRICT_OBJC_MSGSEND = YES;
				ENABLE_TESTABILITY = YES;
				GCC_C_LANGUAGE_STANDARD = gnu11;
				GCC_DYNAMIC_NO_PIC = NO;
				GCC_NO_COMMON_BLOCKS = YES;
				GCC_OPTIMIZATION_LEVEL = 0;
				GCC_PREPROCESSOR_DEFINITIONS = (
					"DEBUG=1",
					"$(inherited)",
				);
				GCC_WARN_64_TO_32_BIT_CONVERSION = YES;
				GCC_WARN_ABOUT_RETURN_TYPE = YES_ERROR;
				GCC_WARN_UNDECLARED_SELECTOR = YES;
				GCC_WARN_UNINITIALIZED_AUTOS = YES_AGGRESSIVE;
				GCC_WARN_UNUSED_FUNCTION = YES;
				GCC_WARN_UNUSED_VARIABLE = YES;
				IPHONEOS_DEPLOYMENT_TARGET = 16.0;
				MTL_ENABLE_DEBUG_INFO = INCLUDE_SOURCE;
				MTL_FAST_MATH = YES;
				ONLY_ACTIVE_ARCH = YES;
				SDKROOT = iphoneos;
				SWIFT_ACTIVE_COMPILATION_CONDITIONS = DEBUG;
				SWIFT_OPTIMIZATION_LEVEL = "-Onone";
			};
			name = Debug;
		};
		639F0B672909B9B7006F8D53 /* Release */ = {
			isa = XCBuildConfiguration;
			buildSettings = {
				ALWAYS_SEARCH_USER_PATHS = NO;
				CLANG_ANALYZER_NONNULL = YES;
				CLANG_ANALYZER_NUMBER_OBJECT_CONVERSION = YES_AGGRESSIVE;
				CLANG_CXX_LANGUAGE_STANDARD = "gnu++20";
				CLANG_ENABLE_MODULES = YES;
				CLANG_ENABLE_OBJC_ARC = YES;
				CLANG_ENABLE_OBJC_WEAK = YES;
				CLANG_WARN_BLOCK_CAPTURE_AUTORELEASING = YES;
				CLANG_WARN_BOOL_CONVERSION = YES;
				CLANG_WARN_COMMA = YES;
				CLANG_WARN_CONSTANT_CONVERSION = YES;
				CLANG_WARN_DEPRECATED_OBJC_IMPLEMENTATIONS = YES;
				CLANG_WARN_DIRECT_OBJC_ISA_USAGE = YES_ERROR;
				CLANG_WARN_DOCUMENTATION_COMMENTS = YES;
				CLANG_WARN_EMPTY_BODY = YES;
				CLANG_WARN_ENUM_CONVERSION = YES;
				CLANG_WARN_INFINITE_RECURSION = YES;
				CLANG_WARN_INT_CONVERSION = YES;
				CLANG_WARN_NON_LITERAL_NULL_CONVERSION = YES;
				CLANG_WARN_OBJC_IMPLICIT_RETAIN_SELF = YES;
				CLANG_WARN_OBJC_LITERAL_CONVERSION = YES;
				CLANG_WARN_OBJC_ROOT_CLASS = YES_ERROR;
				CLANG_WARN_QUOTED_INCLUDE_IN_FRAMEWORK_HEADER = YES;
				CLANG_WARN_RANGE_LOOP_ANALYSIS = YES;
				CLANG_WARN_STRICT_PROTOTYPES = YES;
				CLANG_WARN_SUSPICIOUS_MOVE = YES;
				CLANG_WARN_UNGUARDED_AVAILABILITY = YES_AGGRESSIVE;
				CLANG_WARN_UNREACHABLE_CODE = YES;
				CLANG_WARN__DUPLICATE_METHOD_MATCH = YES;
				COPY_PHASE_STRIP = NO;
				DEBUG_INFORMATION_FORMAT = "dwarf-with-dsym";
				ENABLE_NS_ASSERTIONS = NO;
				ENABLE_STRICT_OBJC_MSGSEND = YES;
				GCC_C_LANGUAGE_STANDARD = gnu11;
				GCC_NO_COMMON_BLOCKS = YES;
				GCC_WARN_64_TO_32_BIT_CONVERSION = YES;
				GCC_WARN_ABOUT_RETURN_TYPE = YES_ERROR;
				GCC_WARN_UNDECLARED_SELECTOR = YES;
				GCC_WARN_UNINITIALIZED_AUTOS = YES_AGGRESSIVE;
				GCC_WARN_UNUSED_FUNCTION = YES;
				GCC_WARN_UNUSED_VARIABLE = YES;
				IPHONEOS_DEPLOYMENT_TARGET = 16.0;
				MTL_ENABLE_DEBUG_INFO = NO;
				MTL_FAST_MATH = YES;
				SDKROOT = iphoneos;
				SWIFT_COMPILATION_MODE = wholemodule;
				SWIFT_OPTIMIZATION_LEVEL = "-O";
				VALIDATE_PRODUCT = YES;
			};
			name = Release;
		};
		639F0B692909B9B7006F8D53 /* Debug */ = {
			isa = XCBuildConfiguration;
			buildSettings = {
				ASSETCATALOG_COMPILER_APPICON_NAME = AppIcon;
				ASSETCATALOG_COMPILER_GLOBAL_ACCENT_COLOR_NAME = AccentColor;
				CODE_SIGN_STYLE = Automatic;
				CURRENT_PROJECT_VERSION = 1;
				DEVELOPMENT_ASSET_PATHS = "\"M4L6/Preview Content\"";
				DEVELOPMENT_TEAM = 2BC4M3XK93;
				ENABLE_PREVIEWS = YES;
				GENERATE_INFOPLIST_FILE = YES;
				INFOPLIST_KEY_UIApplicationSceneManifest_Generation = YES;
				INFOPLIST_KEY_UIApplicationSupportsIndirectInputEvents = YES;
				INFOPLIST_KEY_UILaunchScreen_Generation = YES;
				INFOPLIST_KEY_UISupportedInterfaceOrientations_iPad = "UIInterfaceOrientationPortrait UIInterfaceOrientationPortraitUpsideDown UIInterfaceOrientationLandscapeLeft UIInterfaceOrientationLandscapeRight";
				INFOPLIST_KEY_UISupportedInterfaceOrientations_iPhone = "UIInterfaceOrientationPortrait UIInterfaceOrientationLandscapeLeft UIInterfaceOrientationLandscapeRight";
				LD_RUNPATH_SEARCH_PATHS = (
					"$(inherited)",
					"@executable_path/Frameworks",
				);
				MARKETING_VERSION = 1.0;
				PRODUCT_BUNDLE_IDENTIFIER = com.DavidMay.M4L6;
				PRODUCT_NAME = "$(TARGET_NAME)";
				SWIFT_EMIT_LOC_STRINGS = YES;
				SWIFT_VERSION = 5.0;
				TARGETED_DEVICE_FAMILY = "1,2";
			};
			name = Debug;
		};
		639F0B6A2909B9B7006F8D53 /* Release */ = {
			isa = XCBuildConfiguration;
			buildSettings = {
				ASSETCATALOG_COMPILER_APPICON_NAME = AppIcon;
				ASSETCATALOG_COMPILER_GLOBAL_ACCENT_COLOR_NAME = AccentColor;
				CODE_SIGN_STYLE = Automatic;
				CURRENT_PROJECT_VERSION = 1;
				DEVELOPMENT_ASSET_PATHS = "\"M4L6/Preview Content\"";
				DEVELOPMENT_TEAM = 2BC4M3XK93;
				ENABLE_PREVIEWS = YES;
				GENERATE_INFOPLIST_FILE = YES;
				INFOPLIST_KEY_UIApplicationSceneManifest_Generation = YES;
				INFOPLIST_KEY_UIApplicationSupportsIndirectInputEvents = YES;
				INFOPLIST_KEY_UILaunchScreen_Generation = YES;
				INFOPLIST_KEY_UISupportedInterfaceOrientations_iPad = "UIInterfaceOrientationPortrait UIInterfaceOrientationPortraitUpsideDown UIInterfaceOrientationLandscapeLeft UIInterfaceOrientationLandscapeRight";
				INFOPLIST_KEY_UISupportedInterfaceOrientations_iPhone = "UIInterfaceOrientationPortrait UIInterfaceOrientationLandscapeLeft UIInterfaceOrientationLandscapeRight";
				LD_RUNPATH_SEARCH_PATHS = (
					"$(inherited)",
					"@executable_path/Frameworks",
				);
				MARKETING_VERSION = 1.0;
				PRODUCT_BUNDLE_IDENTIFIER = com.DavidMay.M4L6;
				PRODUCT_NAME = "$(TARGET_NAME)";
				SWIFT_EMIT_LOC_STRINGS = YES;
				SWIFT_VERSION = 5.0;
				TARGETED_DEVICE_FAMILY = "1,2";
			};
			name = Release;
		};
/* End XCBuildConfiguration section */

/* Begin XCConfigurationList section */
		639F0B552909B9AC006F8D53 /* Build configuration list for PBXProject "M4L6" */ = {
			isa = XCConfigurationList;
			buildConfigurations = (
				639F0B662909B9B7006F8D53 /* Debug */,
				639F0B672909B9B7006F8D53 /* Release */,
			);
			defaultConfigurationIsVisible = 0;
			defaultConfigurationName = Release;
		};
		639F0B682909B9B7006F8D53 /* Build configuration list for PBXNativeTarget "M4L6" */ = {
			isa = XCConfigurationList;
			buildConfigurations = (
				639F0B692909B9B7006F8D53 /* Debug */,
				639F0B6A2909B9B7006F8D53 /* Release */,
			);
			defaultConfigurationIsVisible = 0;
			defaultConfigurationName = Release;
		};
/* End XCConfigurationList section */
	};
	rootObject = 639F0B522909B9AC006F8D53 /* Project object */;
}
